dependencies:
  tslib: 2.0.3
devDependencies:
  '@types/node': 14.14.6
lockfileVersion: 5.2
packages:
  /@types/node/14.14.6:
    dev: true
    resolution:
      integrity: sha512-6QlRuqsQ/Ox/aJEQWBEJG7A9+u7oSYl3mem/K8IzxXG/kAGbV1YPD9Bg9Zw3vyxC/YP+zONKwy8hGkSt1jxFMw==
  /tslib/2.0.3:
    dev: false
    resolution:
      integrity: sha512-uZtkfKblCEQtZKBF6EBXVZeQNl82yqtDQdv+eck8u7tdPxjLu2/lp5/uPW+um2tpuxINHWy3GhiccY7QgEaVHQ==
specifiers:
  '@types/node': ^14.14.6
  tslib: ^2.0.3
